{
  "name": "uk.co.fireangel",
  "version": "1.0.0",
  "lockfileVersion": 2,
  "requires": true,
  "packages": {
    "": {
      "version": "1.0.0",
      "dependencies": {
        "homey-zigbeedriver": "^2.1.4",
        "source-map-support": "^0.5.21"
      },
      "devDependencies": {
        "@tsconfig/node12": "^12.1.0",
        "@types/homey": "npm:homey-apps-sdk-v3-types@^0.3.5",
        "@types/node": "^20.10.1",
        "@types/source-map-support": "^0.5.10",
        "typescript": "^5.3.2"
      }
    },
    "node_modules/@athombv/data-types": {
      "version": "1.1.4",
      "resolved": "https://registry.npmjs.org/@athombv/data-types/-/data-types-1.1.4.tgz",
      "integrity": "sha512-89c28Cek3rQjYNlZg6UbylSd7yhl0RBX96PZhWZDgJBIBkEju2DI+9xWKVF4YFjXwUlQIEWfq3UBlYC5c5JmLQ==",
      "peer": true,
      "engines": {
        "node": ">=12.0.0"
      }
    },
    "node_modules/@tsconfig/node12": {
      "version": "12.1.0",
      "resolved": "https://registry.npmjs.org/@tsconfig/node12/-/node12-12.1.0.tgz",
      "integrity": "sha512-kdeyUs2jy6iHVq8H27ymIE1a/ci7LjEw9VvXtvP8FKr0QptiEoM30oPy8XFfcWiPdcd2VzYdCGMYwow+K+guXA==",
      "dev": true
    },
    "node_modules/@types/homey": {
      "name": "homey-apps-sdk-v3-types",
      "version": "0.3.5",
      "resolved": "https://registry.npmjs.org/homey-apps-sdk-v3-types/-/homey-apps-sdk-v3-types-0.3.5.tgz",
      "integrity": "sha512-AH7UPiPILITBmjDSAnupLp2kaBO9GuAj5y0hk9tLC2mO0AuOQuRYnbXIxrHOG3kium8m99FnS3BUHg0aY/SNCg==",
      "dev": true,
      "dependencies": {
        "@types/node": "^14.14.20"
      }
    },
    "node_modules/@types/homey/node_modules/@types/node": {
      "version": "14.18.63",
      "resolved": "https://registry.npmjs.org/@types/node/-/node-14.18.63.tgz",
      "integrity": "sha512-fAtCfv4jJg+ExtXhvCkCqUKZ+4ok/JQk01qDKhL5BDDoS3AxKXhV5/MAVUZyQnSEd2GT92fkgZl0pz0Q0AzcIQ==",
      "dev": true
    },
    "node_modules/@types/node": {
      "version": "20.10.1",
      "resolved": "https://registry.npmjs.org/@types/node/-/node-20.10.1.tgz",
      "integrity": "sha512-T2qwhjWwGH81vUEx4EXmBKsTJRXFXNZTL4v0gi01+zyBmCwzE6TyHszqX01m+QHTEq+EZNo13NeJIdEqf+Myrg==",
      "dev": true,
      "dependencies": {
        "undici-types": "~5.26.4"
      }
    },
    "node_modules/@types/source-map-support": {
      "version": "0.5.10",
      "resolved": "https://registry.npmjs.org/@types/source-map-support/-/source-map-support-0.5.10.tgz",
      "integrity": "sha512-tgVP2H469x9zq34Z0m/fgPewGhg/MLClalNOiPIzQlXrSS2YrKu/xCdSCKnEDwkFha51VKEKB6A9wW26/ZNwzA==",
      "dev": true,
      "dependencies": {
        "source-map": "^0.6.0"
      }
    },
    "node_modules/@types/tinycolor2": {
      "version": "1.4.6",
      "resolved": "https://registry.npmjs.org/@types/tinycolor2/-/tinycolor2-1.4.6.tgz",
      "integrity": "sha512-iEN8J0BoMnsWBqjVbWH/c0G0Hh7O21lpR2/+PrvAVgWdzL7eexIFm4JN/Wn10PTcmNdtS6U67r499mlWMXOxNw=="
    },
    "node_modules/almost-equal": {
      "version": "1.1.0",
      "resolved": "https://registry.npmjs.org/almost-equal/-/almost-equal-1.1.0.tgz",
      "integrity": "sha512-0V/PkoculFl5+0Lp47JoxUcO0xSxhIBvm+BxHdD/OgXNmdRpRHCFnKVuUoWyS9EzQP+otSGv0m9Lb4yVkQBn2A=="
    },
    "node_modules/buffer-from": {
      "version": "1.1.2",
      "resolved": "https://registry.npmjs.org/buffer-from/-/buffer-from-1.1.2.tgz",
      "integrity": "sha512-E+XQCRwSbaaiChtv6k6Dwgc+bx+Bs6vuKJHHl5kox/BaKbhiXzqQOwK4cO22yElGp2OCmjwVhT3HmxgyPGnJfQ=="
    },
    "node_modules/color-space": {
      "version": "1.16.0",
      "resolved": "https://registry.npmjs.org/color-space/-/color-space-1.16.0.tgz",
      "integrity": "sha512-A6WMiFzunQ8KEPFmj02OnnoUnqhmSaHaZ/0LVFcPTdlvm8+3aMJ5x1HRHy3bDHPkovkf4sS0f4wsVvwk71fKkg==",
      "dependencies": {
        "hsluv": "^0.0.3",
        "mumath": "^3.3.4"
      }
    },
    "node_modules/debug": {
      "version": "4.3.4",
      "resolved": "https://registry.npmjs.org/debug/-/debug-4.3.4.tgz",
      "integrity": "sha512-PRWFHuSU3eDtQJPvnNY7Jcket1j0t5OuOsFzPPzsekD52Zl8qUfFIPEiswXqIvHWGVHOgX+7G/vCNNhehwxfkQ==",
      "peer": true,
      "dependencies": {
        "ms": "2.1.2"
      },
      "engines": {
        "node": ">=6.0"
      },
      "peerDependenciesMeta": {
        "supports-color": {
          "optional": true
        }
      }
    },
    "node_modules/homey-zigbeedriver": {
      "version": "2.1.4",
      "resolved": "https://registry.npmjs.org/homey-zigbeedriver/-/homey-zigbeedriver-2.1.4.tgz",
      "integrity": "sha512-qSttRpjaijIs+wce3Jsqq9GOtZK5gltO3Sud2YCv/5VCzsngk6KO3V7fsbBfPBCQ8dHdFNuyfkTKChBlePiyVw==",
      "dependencies": {
        "color-space": "^1.16.0",
        "tinygradient": "^1.1.1"
      },
      "engines": {
        "node": ">=12"
      },
      "peerDependencies": {
        "zigbee-clusters": "^2.1.2"
      }
    },
    "node_modules/hsluv": {
      "version": "0.0.3",
      "resolved": "https://registry.npmjs.org/hsluv/-/hsluv-0.0.3.tgz",
      "integrity": "sha512-08iL2VyCRbkQKBySkSh6m8zMUa3sADAxGVWs3Z1aPcUkTJeK0ETG4Fc27tEmQBGUAXZjIsXOZqBvacuVNSC/fQ=="
    },
    "node_modules/ms": {
      "version": "2.1.2",
      "resolved": "https://registry.npmjs.org/ms/-/ms-2.1.2.tgz",
      "integrity": "sha512-sGkPx+VjMtmA6MX27oA4FBFELFCZZ4S4XqeGOXCv68tT+jb3vk/RyaKWP0PTKyWtmLSM0b+adUTEvbs1PEaH2w==",
      "peer": true
    },
    "node_modules/mumath": {
      "version": "3.3.4",
      "resolved": "https://registry.npmjs.org/mumath/-/mumath-3.3.4.tgz",
      "integrity": "sha512-VAFIOG6rsxoc7q/IaY3jdjmrsuX9f15KlRLYTHmixASBZkZEKC1IFqE2BC5CdhXmK6WLM1Re33z//AGmeRI6FA==",
      "deprecated": "Redundant dependency in your project.",
      "dependencies": {
        "almost-equal": "^1.1.0"
      }
    },
    "node_modules/source-map": {
      "version": "0.6.1",
      "resolved": "https://registry.npmjs.org/source-map/-/source-map-0.6.1.tgz",
      "integrity": "sha512-UjgapumWlbMhkBgzT7Ykc5YXUT46F0iKu8SGXq0bcwP5dz/h0Plj6enJqjz1Zbq2l5WaqYnrVbwWOWMyF3F47g==",
      "engines": {
        "node": ">=0.10.0"
      }
    },
    "node_modules/source-map-support": {
      "version": "0.5.21",
      "resolved": "https://registry.npmjs.org/source-map-support/-/source-map-support-0.5.21.tgz",
      "integrity": "sha512-uBHU3L3czsIyYXKX88fdrGovxdSCoTGDRZ6SYXtSRxLZUzHg5P/66Ht6uoUlHu9EZod+inXhKo3qQgwXUT/y1w==",
      "dependencies": {
        "buffer-from": "^1.0.0",
        "source-map": "^0.6.0"
      }
    },
    "node_modules/tinycolor2": {
      "version": "1.6.0",
      "resolved": "https://registry.npmjs.org/tinycolor2/-/tinycolor2-1.6.0.tgz",
      "integrity": "sha512-XPaBkWQJdsf3pLKJV9p4qN/S+fm2Oj8AIPo1BTUhg5oxkvm9+SVEGFdhyOz7tTdUTfvxMiAs4sp6/eZO2Ew+pw=="
    },
    "node_modules/tinygradient": {
      "version": "1.1.5",
      "resolved": "https://registry.npmjs.org/tinygradient/-/tinygradient-1.1.5.tgz",
      "integrity": "sha512-8nIfc2vgQ4TeLnk2lFj4tRLvvJwEfQuabdsmvDdQPT0xlk9TaNtpGd6nNRxXoK6vQhN6RSzj+Cnp5tTQmpxmbw==",
      "dependencies": {
        "@types/tinycolor2": "^1.4.0",
        "tinycolor2": "^1.0.0"
      }
    },
    "node_modules/typescript": {
      "version": "5.3.2",
      "resolved": "https://registry.npmjs.org/typescript/-/typescript-5.3.2.tgz",
      "integrity": "sha512-6l+RyNy7oAHDfxC4FzSJcz9vnjTKxrLpDG5M2Vu4SHRVNg6xzqZp6LYSR9zjqQTu8DU/f5xwxUdADOkbrIX2gQ==",
      "dev": true,
      "bin": {
        "tsc": "bin/tsc",
        "tsserver": "bin/tsserver"
      },
      "engines": {
        "node": ">=14.17"
      }
    },
    "node_modules/undici-types": {
      "version": "5.26.5",
      "resolved": "https://registry.npmjs.org/undici-types/-/undici-types-5.26.5.tgz",
      "integrity": "sha512-JlCMO+ehdEIKqlFxk6IfVoAUVmgz7cU7zD/h9XZ0qzeosSHmUJVOzSQvvYSYWXkFXC+IfLKSIffhv0sVZup6pA==",
      "dev": true
    },
    "node_modules/zigbee-clusters": {
      "version": "2.4.0",
      "resolved": "https://registry.npmjs.org/zigbee-clusters/-/zigbee-clusters-2.4.0.tgz",
      "integrity": "sha512-sSXvz2a8sJhVqhnSf2wqxO+bHLpcRePKs0F9Yr1uR+ixj1lh+6TWUWp0/gasWjgL3ZTh60cEsFzRlN6D/ynadw==",
      "peer": true,
      "dependencies": {
        "@athombv/data-types": "^1.1.3",
        "debug": "^4.1.1"
      },
      "engines": {
        "node": ">=12"
      }
    }
  },
  "dependencies": {
    "@athombv/data-types": {
      "version": "1.1.4",
      "resolved": "https://registry.npmjs.org/@athombv/data-types/-/data-types-1.1.4.tgz",
      "integrity": "sha512-89c28Cek3rQjYNlZg6UbylSd7yhl0RBX96PZhWZDgJBIBkEju2DI+9xWKVF4YFjXwUlQIEWfq3UBlYC5c5JmLQ==",
      "peer": true
    },
    "@tsconfig/node12": {
      "version": "12.1.0",
      "resolved": "https://registry.npmjs.org/@tsconfig/node12/-/node12-12.1.0.tgz",
      "integrity": "sha512-kdeyUs2jy6iHVq8H27ymIE1a/ci7LjEw9VvXtvP8FKr0QptiEoM30oPy8XFfcWiPdcd2VzYdCGMYwow+K+guXA==",
      "dev": true
    },
    "@types/homey": {
      "version": "npm:homey-apps-sdk-v3-types@0.3.5",
      "resolved": "https://registry.npmjs.org/homey-apps-sdk-v3-types/-/homey-apps-sdk-v3-types-0.3.5.tgz",
      "integrity": "sha512-AH7UPiPILITBmjDSAnupLp2kaBO9GuAj5y0hk9tLC2mO0AuOQuRYnbXIxrHOG3kium8m99FnS3BUHg0aY/SNCg==",
      "dev": true,
      "requires": {
        "@types/node": "^14.14.20"
      },
      "dependencies": {
        "@types/node": {
          "version": "14.18.63",
          "resolved": "https://registry.npmjs.org/@types/node/-/node-14.18.63.tgz",
          "integrity": "sha512-fAtCfv4jJg+ExtXhvCkCqUKZ+4ok/JQk01qDKhL5BDDoS3AxKXhV5/MAVUZyQnSEd2GT92fkgZl0pz0Q0AzcIQ==",
          "dev": true
        }
      }
    },
    "@types/node": {
      "version": "20.10.1",
      "resolved": "https://registry.npmjs.org/@types/node/-/node-20.10.1.tgz",
      "integrity": "sha512-T2qwhjWwGH81vUEx4EXmBKsTJRXFXNZTL4v0gi01+zyBmCwzE6TyHszqX01m+QHTEq+EZNo13NeJIdEqf+Myrg==",
      "dev": true,
      "requires": {
        "undici-types": "~5.26.4"
      }
    },
    "@types/source-map-support": {
      "version": "0.5.10",
      "resolved": "https://registry.npmjs.org/@types/source-map-support/-/source-map-support-0.5.10.tgz",
      "integrity": "sha512-tgVP2H469x9zq34Z0m/fgPewGhg/MLClalNOiPIzQlXrSS2YrKu/xCdSCKnEDwkFha51VKEKB6A9wW26/ZNwzA==",
      "dev": true,
      "requires": {
        "source-map": "^0.6.0"
      }
    },
    "@types/tinycolor2": {
      "version": "1.4.6",
      "resolved": "https://registry.npmjs.org/@types/tinycolor2/-/tinycolor2-1.4.6.tgz",
      "integrity": "sha512-iEN8J0BoMnsWBqjVbWH/c0G0Hh7O21lpR2/+PrvAVgWdzL7eexIFm4JN/Wn10PTcmNdtS6U67r499mlWMXOxNw=="
    },
    "almost-equal": {
      "version": "1.1.0",
      "resolved": "https://registry.npmjs.org/almost-equal/-/almost-equal-1.1.0.tgz",
      "integrity": "sha512-0V/PkoculFl5+0Lp47JoxUcO0xSxhIBvm+BxHdD/OgXNmdRpRHCFnKVuUoWyS9EzQP+otSGv0m9Lb4yVkQBn2A=="
    },
    "buffer-from": {
      "version": "1.1.2",
      "resolved": "https://registry.npmjs.org/buffer-from/-/buffer-from-1.1.2.tgz",
      "integrity": "sha512-E+XQCRwSbaaiChtv6k6Dwgc+bx+Bs6vuKJHHl5kox/BaKbhiXzqQOwK4cO22yElGp2OCmjwVhT3HmxgyPGnJfQ=="
    },
    "color-space": {
      "version": "1.16.0",
      "resolved": "https://registry.npmjs.org/color-space/-/color-space-1.16.0.tgz",
      "integrity": "sha512-A6WMiFzunQ8KEPFmj02OnnoUnqhmSaHaZ/0LVFcPTdlvm8+3aMJ5x1HRHy3bDHPkovkf4sS0f4wsVvwk71fKkg==",
      "requires": {
        "hsluv": "^0.0.3",
        "mumath": "^3.3.4"
      }
    },
    "debug": {
      "version": "4.3.4",
      "resolved": "https://registry.npmjs.org/debug/-/debug-4.3.4.tgz",
      "integrity": "sha512-PRWFHuSU3eDtQJPvnNY7Jcket1j0t5OuOsFzPPzsekD52Zl8qUfFIPEiswXqIvHWGVHOgX+7G/vCNNhehwxfkQ==",
      "peer": true,
      "requires": {
        "ms": "2.1.2"
      }
    },
    "homey-zigbeedriver": {
      "version": "2.1.4",
      "resolved": "https://registry.npmjs.org/homey-zigbeedriver/-/homey-zigbeedriver-2.1.4.tgz",
      "integrity": "sha512-qSttRpjaijIs+wce3Jsqq9GOtZK5gltO3Sud2YCv/5VCzsngk6KO3V7fsbBfPBCQ8dHdFNuyfkTKChBlePiyVw==",
      "requires": {
        "color-space": "^1.16.0",
        "tinygradient": "^1.1.1"
      }
    },
    "hsluv": {
      "version": "0.0.3",
      "resolved": "https://registry.npmjs.org/hsluv/-/hsluv-0.0.3.tgz",
      "integrity": "sha512-08iL2VyCRbkQKBySkSh6m8zMUa3sADAxGVWs3Z1aPcUkTJeK0ETG4Fc27tEmQBGUAXZjIsXOZqBvacuVNSC/fQ=="
    },
    "ms": {
      "version": "2.1.2",
      "resolved": "https://registry.npmjs.org/ms/-/ms-2.1.2.tgz",
      "integrity": "sha512-sGkPx+VjMtmA6MX27oA4FBFELFCZZ4S4XqeGOXCv68tT+jb3vk/RyaKWP0PTKyWtmLSM0b+adUTEvbs1PEaH2w==",
      "peer": true
    },
    "mumath": {
      "version": "3.3.4",
      "resolved": "https://registry.npmjs.org/mumath/-/mumath-3.3.4.tgz",
      "integrity": "sha512-VAFIOG6rsxoc7q/IaY3jdjmrsuX9f15KlRLYTHmixASBZkZEKC1IFqE2BC5CdhXmK6WLM1Re33z//AGmeRI6FA==",
      "requires": {
        "almost-equal": "^1.1.0"
      }
    },
    "source-map": {
      "version": "0.6.1",
      "resolved": "https://registry.npmjs.org/source-map/-/source-map-0.6.1.tgz",
      "integrity": "sha512-UjgapumWlbMhkBgzT7Ykc5YXUT46F0iKu8SGXq0bcwP5dz/h0Plj6enJqjz1Zbq2l5WaqYnrVbwWOWMyF3F47g=="
    },
    "source-map-support": {
      "version": "0.5.21",
      "resolved": "https://registry.npmjs.org/source-map-support/-/source-map-support-0.5.21.tgz",
      "integrity": "sha512-uBHU3L3czsIyYXKX88fdrGovxdSCoTGDRZ6SYXtSRxLZUzHg5P/66Ht6uoUlHu9EZod+inXhKo3qQgwXUT/y1w==",
      "requires": {
        "buffer-from": "^1.0.0",
        "source-map": "^0.6.0"
      }
    },
    "tinycolor2": {
      "version": "1.6.0",
      "resolved": "https://registry.npmjs.org/tinycolor2/-/tinycolor2-1.6.0.tgz",
      "integrity": "sha512-XPaBkWQJdsf3pLKJV9p4qN/S+fm2Oj8AIPo1BTUhg5oxkvm9+SVEGFdhyOz7tTdUTfvxMiAs4sp6/eZO2Ew+pw=="
    },
    "tinygradient": {
      "version": "1.1.5",
      "resolved": "https://registry.npmjs.org/tinygradient/-/tinygradient-1.1.5.tgz",
      "integrity": "sha512-8nIfc2vgQ4TeLnk2lFj4tRLvvJwEfQuabdsmvDdQPT0xlk9TaNtpGd6nNRxXoK6vQhN6RSzj+Cnp5tTQmpxmbw==",
      "requires": {
        "@types/tinycolor2": "^1.4.0",
        "tinycolor2": "^1.0.0"
      }
    },
    "typescript": {
      "version": "5.3.2",
      "resolved": "https://registry.npmjs.org/typescript/-/typescript-5.3.2.tgz",
      "integrity": "sha512-6l+RyNy7oAHDfxC4FzSJcz9vnjTKxrLpDG5M2Vu4SHRVNg6xzqZp6LYSR9zjqQTu8DU/f5xwxUdADOkbrIX2gQ==",
      "dev": true
    },
    "undici-types": {
      "version": "5.26.5",
      "resolved": "https://registry.npmjs.org/undici-types/-/undici-types-5.26.5.tgz",
      "integrity": "sha512-JlCMO+ehdEIKqlFxk6IfVoAUVmgz7cU7zD/h9XZ0qzeosSHmUJVOzSQvvYSYWXkFXC+IfLKSIffhv0sVZup6pA==",
      "dev": true
    },
    "zigbee-clusters": {
      "version": "2.4.0",
      "resolved": "https://registry.npmjs.org/zigbee-clusters/-/zigbee-clusters-2.4.0.tgz",
      "integrity": "sha512-sSXvz2a8sJhVqhnSf2wqxO+bHLpcRePKs0F9Yr1uR+ixj1lh+6TWUWp0/gasWjgL3ZTh60cEsFzRlN6D/ynadw==",
      "peer": true,
      "requires": {
        "@athombv/data-types": "^1.1.3",
        "debug": "^4.1.1"
      }
    }
  }
}
